// !$*UTF8*$!
{
	archiveVersion = 1;
	classes = {
	};
	objectVersion = 46;
	objects = {

/* Begin PBXBuildFile section */
		03F7A8FE1510751700302545 /* Cocoa.framework in Frameworks */ = {isa = PBXBuildFile; fileRef = 03F7A8FD1510751700302545 /* Cocoa.framework */; };
		03F7A9081510751700302545 /* InfoPlist.strings in Resources */ = {isa = PBXBuildFile; fileRef = 03F7A9061510751700302545 /* InfoPlist.strings */; };
		03F7A90A1510751700302545 /* main.m in Sources */ = {isa = PBXBuildFile; fileRef = 03F7A9091510751700302545 /* main.m */; };
		03F7A90E1510751700302545 /* Credits.rtf in Resources */ = {isa = PBXBuildFile; fileRef = 03F7A90C1510751700302545 /* Credits.rtf */; };
		03F7A9111510751700302545 /* AppDelegate.m in Sources */ = {isa = PBXBuildFile; fileRef = 03F7A9101510751700302545 /* AppDelegate.m */; };
		03F7A9141510751800302545 /* MainMenu.xib in Resources */ = {isa = PBXBuildFile; fileRef = 03F7A9121510751800302545 /* MainMenu.xib */; };
		03F7A91C1510754500302545 /* DropView.m in Sources */ = {isa = PBXBuildFile; fileRef = 03F7A91B1510754500302545 /* DropView.m */; };
/* End PBXBuildFile section */

/* Begin PBXFileReference section */
		03F7A8F91510751700302545 /* Lesson-25.app */ = {isa = PBXFileReference; explicitFileType = wrapper.application; includeInIndex = 0; path = "Lesson-25.app"; sourceTree = BUILT_PRODUCTS_DIR; };
		03F7A8FD1510751700302545 /* Cocoa.framework */ = {isa = PBXFileReference; lastKnownFileType = wrapper.framework; name = Cocoa.framework; path = System/Library/Frameworks/Cocoa.framework; sourceTree = SDKROOT; };
		03F7A9001510751700302545 /* AppKit.framework */ = {isa = PBXFileReference; lastKnownFileType = wrapper.framework; name = AppKit.framework; path = System/Library/Frameworks/AppKit.framework; sourceTree = SDKROOT; };
		03F7A9011510751700302545 /* CoreData.framework */ = {isa = PBXFileReference; lastKnownFileType = wrapper.framework; name = CoreData.framework; path = System/Library/Frameworks/CoreData.framework; sourceTree = SDKROOT; };
		03F7A9021510751700302545 /* Foundation.framework */ = {isa = PBXFileReference; lastKnownFileType = wrapper.framework; name = Foundation.framework; path = System/Library/Frameworks/Foundation.framework; sourceTree = SDKROOT; };
		03F7A9051510751700302545 /* Lesson-25-Info.plist */ = {isa = PBXFileReference; lastKnownFileType = text.plist.xml; path = "Lesson-25-Info.plist"; sourceTree = "<group>"; };
		03F7A9071510751700302545 /* en */ = {isa = PBXFileReference; lastKnownFileType = text.plist.strings; name = en; path = en.lproj/InfoPlist.strings; sourceTree = "<group>"; };
		03F7A9091510751700302545 /* main.m */ = {isa = PBXFileReference; lastKnownFileType = sourcecode.c.objc; path = main.m; sourceTree = "<group>"; };
		03F7A90B1510751700302545 /* Lesson-25-Prefix.pch */ = {isa = PBXFileReference; lastKnownFileType = sourcecode.c.h; path = "Lesson-25-Prefix.pch"; sourceTree = "<group>"; };
		03F7A90D1510751700302545 /* en */ = {isa = PBXFileReference; lastKnownFileType = text.rtf; name = en; path = en.lproj/Credits.rtf; sourceTree = "<group>"; };
		03F7A90F1510751700302545 /* AppDelegate.h */ = {isa = PBXFileReference; lastKnownFileType = sourcecode.c.h; path = AppDelegate.h; sourceTree = "<group>"; };
		03F7A9101510751700302545 /* AppDelegate.m */ = {isa = PBXFileReference; lastKnownFileType = sourcecode.c.objc; path = AppDelegate.m; sourceTree = "<group>"; };
		03F7A9131510751800302545 /* en */ = {isa = PBXFileReference; lastKnownFileType = file.xib; name = en; path = en.lproj/MainMenu.xib; sourceTree = "<group>"; };
		03F7A91A1510754500302545 /* DropView.h */ = {isa = PBXFileReference; fileEncoding = 4; lastKnownFileType = sourcecode.c.h; path = DropView.h; sourceTree = "<group>"; };
		03F7A91B1510754500302545 /* DropView.m */ = {isa = PBXFileReference; fileEncoding = 4; lastKnownFileType = sourcecode.c.objc; path = DropView.m; sourceTree = "<group>"; };
/* End PBXFileReference section */

/* Begin PBXFrameworksBuildPhase section */
		03F7A8F61510751700302545 /* Frameworks */ = {
			isa = PBXFrameworksBuildPhase;
			buildActionMask = 2147483647;
			files = (
				03F7A8FE1510751700302545 /* Cocoa.framework in Frameworks */,
			);
			runOnlyForDeploymentPostprocessing = 0;
		};
/* End PBXFrameworksBuildPhase section */

/* Begin PBXGroup section */
		03F7A8EE1510751700302545 = {
			isa = PBXGroup;
			children = (
				03F7A9031510751700302545 /* Lesson-25 */,
				03F7A8FC1510751700302545 /* Frameworks */,
				03F7A8FA1510751700302545 /* Products */,
			);
			sourceTree = "<group>";
		};
		03F7A8FA1510751700302545 /* Products */ = {
			isa = PBXGroup;
			children = (
				03F7A8F91510751700302545 /* Lesson-25.app */,
			);
			name = Products;
			sourceTree = "<group>";
		};
		03F7A8FC1510751700302545 /* Frameworks */ = {
			isa = PBXGroup;
			children = (
				03F7A8FD1510751700302545 /* Cocoa.framework */,
				03F7A8FF1510751700302545 /* Other Frameworks */,
			);
			name = Frameworks;
			sourceTree = "<group>";
		};
		03F7A8FF1510751700302545 /* Other Frameworks */ = {
			isa = PBXGroup;
			children = (
				03F7A9001510751700302545 /* AppKit.framework */,
				03F7A9011510751700302545 /* CoreData.framework */,
				03F7A9021510751700302545 /* Foundation.framework */,
			);
			name = "Other Frameworks";
			sourceTree = "<group>";
		};
		03F7A9031510751700302545 /* Lesson-25 */ = {
			isa = PBXGroup;
			children = (
				03F7A90F1510751700302545 /* AppDelegate.h */,
				03F7A9101510751700302545 /* AppDelegate.m */,
				03F7A9121510751800302545 /* MainMenu.xib */,
				03F7A91A1510754500302545 /* DropView.h */,
				03F7A91B1510754500302545 /* DropView.m */,
				03F7A9041510751700302545 /* Supporting Files */,
			);
			path = "Lesson-25";
			sourceTree = "<group>";
		};
		03F7A9041510751700302545 /* Supporting Files */ = {
			isa = PBXGroup;
			children = (
				03F7A9051510751700302545 /* Lesson-25-Info.plist */,
				03F7A9061510751700302545 /* InfoPlist.strings */,
				03F7A9091510751700302545 /* main.m */,
				03F7A90B1510751700302545 /* Lesson-25-Prefix.pch */,
				03F7A90C1510751700302545 /* Credits.rtf */,
			);
			name = "Supporting Files";
			sourceTree = "<group>";
		};
/* End PBXGroup section */

/* Begin PBXNativeTarget section */
		03F7A8F81510751700302545 /* Lesson-25 */ = {
			isa = PBXNativeTarget;
			buildConfigurationList = 03F7A9171510751800302545 /* Build configuration list for PBXNativeTarget "Lesson-25" */;
			buildPhases = (
				03F7A8F51510751700302545 /* Sources */,
				03F7A8F61510751700302545 /* Frameworks */,
				03F7A8F71510751700302545 /* Resources */,
			);
			buildRules = (
			);
			dependencies = (
			);
			name = "Lesson-25";
			productName = "Lesson-25";
			productReference = 03F7A8F91510751700302545 /* Lesson-25.app */;
			productType = "com.apple.product-type.application";
		};
/* End PBXNativeTarget section */

/* Begin PBXProject section */
		03F7A8F01510751700302545 /* Project object */ = {
			isa = PBXProject;
			attributes = {
				LastUpgradeCheck = 0430;
				ORGANIZATIONNAME = "nic-o.com";
			};
			buildConfigurationList = 03F7A8F31510751700302545 /* Build configuration list for PBXProject "Lesson-25" */;
			compatibilityVersion = "Xcode 3.2";
			developmentRegion = English;
			hasScannedForEncodings = 0;
			knownRegions = (
				en,
			);
			mainGroup = 03F7A8EE1510751700302545;
			productRefGroup = 03F7A8FA1510751700302545 /* Products */;
			projectDirPath = "";
			projectRoot = "";
			targets = (
				03F7A8F81510751700302545 /* Lesson-25 */,
			);
		};
/* End PBXProject section */

/* Begin PBXResourcesBuildPhase section */
		03F7A8F71510751700302545 /* Resources */ = {
			isa = PBXResourcesBuildPhase;
			buildActionMask = 2147483647;
			files = (
				03F7A9081510751700302545 /* InfoPlist.strings in Resources */,
				03F7A90E1510751700302545 /* Credits.rtf in Resources */,
				03F7A9141510751800302545 /* MainMenu.xib in Resources */,
			);
			runOnlyForDeploymentPostprocessing = 0;
		};
/* End PBXResourcesBuildPhase section */

/* Begin PBXSourcesBuildPhase section */
		03F7A8F51510751700302545 /* Sources */ = {
			isa = PBXSourcesBuildPhase;
			buildActionMask = 2147483647;
			files = (
				03F7A90A1510751700302545 /* main.m in Sources */,
				03F7A9111510751700302545 /* AppDelegate.m in Sources */,
				03F7A91C1510754500302545 /* DropView.m in Sources */,
			);
			runOnlyForDeploymentPostprocessing = 0;
		};
/* End PBXSourcesBuildPhase section */

/* Begin PBXVariantGroup section */
		03F7A9061510751700302545 /* InfoPlist.strings */ = {
			isa = PBXVariantGroup;
			children = (
				03F7A9071510751700302545 /* en */,
			);
			name = InfoPlist.strings;
			sourceTree = "<group>";
		};
		03F7A90C1510751700302545 /* Credits.rtf */ = {
			isa = PBXVariantGroup;
			children = (
				03F7A90D1510751700302545 /* en */,
			);
			name = Credits.rtf;
			sourceTree = "<group>";
		};
		03F7A9121510751800302545 /* MainMenu.xib */ = {
			isa = PBXVariantGroup;
			children = (
				03F7A9131510751800302545 /* en */,
			);
			name = MainMenu.xib;
			sourceTree = "<group>";
		};
/* End PBXVariantGroup section */

/* Begin XCBuildConfiguration section */
		03F7A9151510751800302545 /* Debug */ = {
			isa = XCBuildConfiguration;
			buildSettings = {
				ALWAYS_SEARCH_USER_PATHS = NO;
				ARCHS = "$(ARCHS_STANDARD_64_BIT)";
				CLANG_ENABLE_OBJC_ARC = YES;
				COPY_PHASE_STRIP = NO;
				GCC_C_LANGUAGE_STANDARD = gnu99;
				GCC_DYNAMIC_NO_PIC = NO;
				GCC_ENABLE_OBJC_EXCEPTIONS = YES;
				GCC_OPTIMIZATION_LEVEL = 0;
				GCC_PREPROCESSOR_DEFINITIONS = (
					"DEBUG=1",
					"$(inherited)",
				);
				GCC_SYMBOLS_PRIVATE_EXTERN = NO;
				GCC_VERSION = com.apple.compilers.llvm.clang.1_0;
				GCC_WARN_64_TO_32_BIT_CONVERSION = YES;
				GCC_WARN_ABOUT_RETURN_TYPE = YES;
				GCC_WARN_UNINITIALIZED_AUTOS = YES;
				GCC_WARN_UNUSED_VARIABLE = YES;
				MACOSX_DEPLOYMENT_TARGET = 10.7;
				ONLY_ACTIVE_ARCH = YES;
				SDKROOT = macosx;
			};
			name = Debug;
		};
		03F7A9161510751800302545 /* Release */ = {
			isa = XCBuildConfiguration;
			buildSettings = {
				ALWAYS_SEARCH_USER_PATHS = NO;
				ARCHS = "$(ARCHS_STANDARD_64_BIT)";
				CLANG_ENABLE_OBJC_ARC = YES;
				COPY_PHASE_STRIP = YES;
				DEBUG_INFORMATION_FORMAT = "dwarf-with-dsym";
				GCC_C_LANGUAGE_STANDARD = gnu99;
				GCC_ENABLE_OBJC_EXCEPTIONS = YES;
				GCC_VERSION = com.apple.compilers.llvm.clang.1_0;
				GCC_WARN_64_TO_32_BIT_CONVERSION = YES;
				GCC_WARN_ABOUT_RETURN_TYPE = YES;
				GCC_WARN_UNINITIALIZED_AUTOS = YES;
				GCC_WARN_UNUSED_VARIABLE = YES;
				MACOSX_DEPLOYMENT_TARGET = 10.7;
				SDKROOT = macosx;
			};
			name = Release;
		};
		03F7A9181510751800302545 /* Debug */ = {
			isa = XCBuildConfiguration;
			buildSettings = {
				GCC_PRECOMPILE_PREFIX_HEADER = YES;
				GCC_PREFIX_HEADER = "Lesson-25/Lesson-25-Prefix.pch";
				INFOPLIST_FILE = "Lesson-25/Lesson-25-Info.plist";
				PRODUCT_NAME = "$(TARGET_NAME)";
				WRAPPER_EXTENSION = app;
			};
			name = Debug;
		};
		03F7A9191510751800302545 /* Release */ = {
			isa = XCBuildConfiguration;
			buildSettings = {
				GCC_PRECOMPILE_PREFIX_HEADER = YES;
				GCC_PREFIX_HEADER = "Lesson-25/Lesson-25-Prefix.pch";
				INFOPLIST_FILE = "Lesson-25/Lesson-25-Info.plist";
				PRODUCT_NAME = "$(TARGET_NAME)";
				WRAPPER_EXTENSION = app;
			};
			name = Release;
		};
/* End XCBuildConfiguration section */

/* Begin XCConfigurationList section */
		03F7A8F31510751700302545 /* Build configuration list for PBXProject "Lesson-25" */ = {
			isa = XCConfigurationList;
			buildConfigurations = (
				03F7A9151510751800302545 /* Debug */,
				03F7A9161510751800302545 /* Release */,
			);
			defaultConfigurationIsVisible = 0;
			defaultConfigurationName = Release;
		};
		03F7A9171510751800302545 /* Build configuration list for PBXNativeTarget "Lesson-25" */ = {
			isa = XCConfigurationList;
			buildConfigurations = (
				03F7A9181510751800302545 /* Debug */,
				03F7A9191510751800302545 /* Release */,
			);
			defaultConfigurationIsVisible = 0;
		};
/* End XCConfigurationList section */
	};
	rootObject = 03F7A8F01510751700302545 /* Project object */;
}
