// !$*UTF8*$!
{
	archiveVersion = 1;
	classes = {
	};
	objectVersion = 46;
	objects = {

/* Begin PBXBuildFile section */
		03BB5BD11508E72200496C08 /* Cocoa.framework in Frameworks */ = {isa = PBXBuildFile; fileRef = 03BB5BD01508E72200496C08 /* Cocoa.framework */; };
		03BB5BDB1508E72200496C08 /* InfoPlist.strings in Resources */ = {isa = PBXBuildFile; fileRef = 03BB5BD91508E72200496C08 /* InfoPlist.strings */; };
		03BB5BDD1508E72200496C08 /* main.m in Sources */ = {isa = PBXBuildFile; fileRef = 03BB5BDC1508E72200496C08 /* main.m */; };
		03BB5BE11508E72200496C08 /* Credits.rtf in Resources */ = {isa = PBXBuildFile; fileRef = 03BB5BDF1508E72200496C08 /* Credits.rtf */; };
		03BB5BE41508E72200496C08 /* AppDelegate.m in Sources */ = {isa = PBXBuildFile; fileRef = 03BB5BE31508E72200496C08 /* AppDelegate.m */; };
		03BB5BE71508E72200496C08 /* MainMenu.xib in Resources */ = {isa = PBXBuildFile; fileRef = 03BB5BE51508E72200496C08 /* MainMenu.xib */; };
/* End PBXBuildFile section */

/* Begin PBXFileReference section */
		03BB5BCC1508E72200496C08 /* Lesson-01.app */ = {isa = PBXFileReference; explicitFileType = wrapper.application; includeInIndex = 0; path = "Lesson-01.app"; sourceTree = BUILT_PRODUCTS_DIR; };
		03BB5BD01508E72200496C08 /* Cocoa.framework */ = {isa = PBXFileReference; lastKnownFileType = wrapper.framework; name = Cocoa.framework; path = System/Library/Frameworks/Cocoa.framework; sourceTree = SDKROOT; };
		03BB5BD31508E72200496C08 /* AppKit.framework */ = {isa = PBXFileReference; lastKnownFileType = wrapper.framework; name = AppKit.framework; path = System/Library/Frameworks/AppKit.framework; sourceTree = SDKROOT; };
		03BB5BD41508E72200496C08 /* CoreData.framework */ = {isa = PBXFileReference; lastKnownFileType = wrapper.framework; name = CoreData.framework; path = System/Library/Frameworks/CoreData.framework; sourceTree = SDKROOT; };
		03BB5BD51508E72200496C08 /* Foundation.framework */ = {isa = PBXFileReference; lastKnownFileType = wrapper.framework; name = Foundation.framework; path = System/Library/Frameworks/Foundation.framework; sourceTree = SDKROOT; };
		03BB5BD81508E72200496C08 /* Lesson-01-Info.plist */ = {isa = PBXFileReference; lastKnownFileType = text.plist.xml; path = "Lesson-01-Info.plist"; sourceTree = "<group>"; };
		03BB5BDA1508E72200496C08 /* en */ = {isa = PBXFileReference; lastKnownFileType = text.plist.strings; name = en; path = en.lproj/InfoPlist.strings; sourceTree = "<group>"; };
		03BB5BDC1508E72200496C08 /* main.m */ = {isa = PBXFileReference; lastKnownFileType = sourcecode.c.objc; path = main.m; sourceTree = "<group>"; };
		03BB5BDE1508E72200496C08 /* Lesson-01-Prefix.pch */ = {isa = PBXFileReference; lastKnownFileType = sourcecode.c.h; path = "Lesson-01-Prefix.pch"; sourceTree = "<group>"; };
		03BB5BE01508E72200496C08 /* en */ = {isa = PBXFileReference; lastKnownFileType = text.rtf; name = en; path = en.lproj/Credits.rtf; sourceTree = "<group>"; };
		03BB5BE21508E72200496C08 /* AppDelegate.h */ = {isa = PBXFileReference; lastKnownFileType = sourcecode.c.h; path = AppDelegate.h; sourceTree = "<group>"; };
		03BB5BE31508E72200496C08 /* AppDelegate.m */ = {isa = PBXFileReference; lastKnownFileType = sourcecode.c.objc; path = AppDelegate.m; sourceTree = "<group>"; };
		03BB5BE61508E72200496C08 /* en */ = {isa = PBXFileReference; lastKnownFileType = file.xib; name = en; path = en.lproj/MainMenu.xib; sourceTree = "<group>"; };
/* End PBXFileReference section */

/* Begin PBXFrameworksBuildPhase section */
		03BB5BC91508E72200496C08 /* Frameworks */ = {
			isa = PBXFrameworksBuildPhase;
			buildActionMask = 2147483647;
			files = (
				03BB5BD11508E72200496C08 /* Cocoa.framework in Frameworks */,
			);
			runOnlyForDeploymentPostprocessing = 0;
		};
/* End PBXFrameworksBuildPhase section */

/* Begin PBXGroup section */
		03BB5BC11508E72100496C08 = {
			isa = PBXGroup;
			children = (
				03BB5BD61508E72200496C08 /* Lesson-01 */,
				03BB5BCF1508E72200496C08 /* Frameworks */,
				03BB5BCD1508E72200496C08 /* Products */,
			);
			sourceTree = "<group>";
		};
		03BB5BCD1508E72200496C08 /* Products */ = {
			isa = PBXGroup;
			children = (
				03BB5BCC1508E72200496C08 /* Lesson-01.app */,
			);
			name = Products;
			sourceTree = "<group>";
		};
		03BB5BCF1508E72200496C08 /* Frameworks */ = {
			isa = PBXGroup;
			children = (
				03BB5BD01508E72200496C08 /* Cocoa.framework */,
				03BB5BD21508E72200496C08 /* Other Frameworks */,
			);
			name = Frameworks;
			sourceTree = "<group>";
		};
		03BB5BD21508E72200496C08 /* Other Frameworks */ = {
			isa = PBXGroup;
			children = (
				03BB5BD31508E72200496C08 /* AppKit.framework */,
				03BB5BD41508E72200496C08 /* CoreData.framework */,
				03BB5BD51508E72200496C08 /* Foundation.framework */,
			);
			name = "Other Frameworks";
			sourceTree = "<group>";
		};
		03BB5BD61508E72200496C08 /* Lesson-01 */ = {
			isa = PBXGroup;
			children = (
				03BB5BE21508E72200496C08 /* AppDelegate.h */,
				03BB5BE31508E72200496C08 /* AppDelegate.m */,
				03BB5BE51508E72200496C08 /* MainMenu.xib */,
				03BB5BD71508E72200496C08 /* Supporting Files */,
			);
			path = "Lesson-01";
			sourceTree = "<group>";
		};
		03BB5BD71508E72200496C08 /* Supporting Files */ = {
			isa = PBXGroup;
			children = (
				03BB5BD81508E72200496C08 /* Lesson-01-Info.plist */,
				03BB5BD91508E72200496C08 /* InfoPlist.strings */,
				03BB5BDC1508E72200496C08 /* main.m */,
				03BB5BDE1508E72200496C08 /* Lesson-01-Prefix.pch */,
				03BB5BDF1508E72200496C08 /* Credits.rtf */,
			);
			name = "Supporting Files";
			sourceTree = "<group>";
		};
/* End PBXGroup section */

/* Begin PBXNativeTarget section */
		03BB5BCB1508E72200496C08 /* Lesson-01 */ = {
			isa = PBXNativeTarget;
			buildConfigurationList = 03BB5BEA1508E72200496C08 /* Build configuration list for PBXNativeTarget "Lesson-01" */;
			buildPhases = (
				03BB5BC81508E72200496C08 /* Sources */,
				03BB5BC91508E72200496C08 /* Frameworks */,
				03BB5BCA1508E72200496C08 /* Resources */,
			);
			buildRules = (
			);
			dependencies = (
			);
			name = "Lesson-01";
			productName = "Lesson-01";
			productReference = 03BB5BCC1508E72200496C08 /* Lesson-01.app */;
			productType = "com.apple.product-type.application";
		};
/* End PBXNativeTarget section */

/* Begin PBXProject section */
		03BB5BC31508E72100496C08 /* Project object */ = {
			isa = PBXProject;
			attributes = {
				LastUpgradeCheck = 0430;
				ORGANIZATIONNAME = "nic-o.com";
			};
			buildConfigurationList = 03BB5BC61508E72100496C08 /* Build configuration list for PBXProject "Lesson-01" */;
			compatibilityVersion = "Xcode 3.2";
			developmentRegion = English;
			hasScannedForEncodings = 0;
			knownRegions = (
				en,
			);
			mainGroup = 03BB5BC11508E72100496C08;
			productRefGroup = 03BB5BCD1508E72200496C08 /* Products */;
			projectDirPath = "";
			projectRoot = "";
			targets = (
				03BB5BCB1508E72200496C08 /* Lesson-01 */,
			);
		};
/* End PBXProject section */

/* Begin PBXResourcesBuildPhase section */
		03BB5BCA1508E72200496C08 /* Resources */ = {
			isa = PBXResourcesBuildPhase;
			buildActionMask = 2147483647;
			files = (
				03BB5BDB1508E72200496C08 /* InfoPlist.strings in Resources */,
				03BB5BE11508E72200496C08 /* Credits.rtf in Resources */,
				03BB5BE71508E72200496C08 /* MainMenu.xib in Resources */,
			);
			runOnlyForDeploymentPostprocessing = 0;
		};
/* End PBXResourcesBuildPhase section */

/* Begin PBXSourcesBuildPhase section */
		03BB5BC81508E72200496C08 /* Sources */ = {
			isa = PBXSourcesBuildPhase;
			buildActionMask = 2147483647;
			files = (
				03BB5BDD1508E72200496C08 /* main.m in Sources */,
				03BB5BE41508E72200496C08 /* AppDelegate.m in Sources */,
			);
			runOnlyForDeploymentPostprocessing = 0;
		};
/* End PBXSourcesBuildPhase section */

/* Begin PBXVariantGroup section */
		03BB5BD91508E72200496C08 /* InfoPlist.strings */ = {
			isa = PBXVariantGroup;
			children = (
				03BB5BDA1508E72200496C08 /* en */,
			);
			name = InfoPlist.strings;
			sourceTree = "<group>";
		};
		03BB5BDF1508E72200496C08 /* Credits.rtf */ = {
			isa = PBXVariantGroup;
			children = (
				03BB5BE01508E72200496C08 /* en */,
			);
			name = Credits.rtf;
			sourceTree = "<group>";
		};
		03BB5BE51508E72200496C08 /* MainMenu.xib */ = {
			isa = PBXVariantGroup;
			children = (
				03BB5BE61508E72200496C08 /* en */,
			);
			name = MainMenu.xib;
			sourceTree = "<group>";
		};
/* End PBXVariantGroup section */

/* Begin XCBuildConfiguration section */
		03BB5BE81508E72200496C08 /* Debug */ = {
			isa = XCBuildConfiguration;
			buildSettings = {
				ALWAYS_SEARCH_USER_PATHS = NO;
				ARCHS = "$(ARCHS_STANDARD_64_BIT)";
				CLANG_ENABLE_OBJC_ARC = YES;
				COPY_PHASE_STRIP = NO;
				GCC_C_LANGUAGE_STANDARD = gnu99;
				GCC_DYNAMIC_NO_PIC = NO;
				GCC_ENABLE_OBJC_EXCEPTIONS = YES;
				GCC_OPTIMIZATION_LEVEL = 0;
				GCC_PREPROCESSOR_DEFINITIONS = (
					"DEBUG=1",
					"$(inherited)",
				);
				GCC_SYMBOLS_PRIVATE_EXTERN = NO;
				GCC_VERSION = com.apple.compilers.llvm.clang.1_0;
				GCC_WARN_64_TO_32_BIT_CONVERSION = YES;
				GCC_WARN_ABOUT_RETURN_TYPE = YES;
				GCC_WARN_UNINITIALIZED_AUTOS = YES;
				GCC_WARN_UNUSED_VARIABLE = YES;
				MACOSX_DEPLOYMENT_TARGET = 10.7;
				ONLY_ACTIVE_ARCH = YES;
				SDKROOT = macosx;
			};
			name = Debug;
		};
		03BB5BE91508E72200496C08 /* Release */ = {
			isa = XCBuildConfiguration;
			buildSettings = {
				ALWAYS_SEARCH_USER_PATHS = NO;
				ARCHS = "$(ARCHS_STANDARD_64_BIT)";
				CLANG_ENABLE_OBJC_ARC = YES;
				COPY_PHASE_STRIP = YES;
				DEBUG_INFORMATION_FORMAT = "dwarf-with-dsym";
				GCC_C_LANGUAGE_STANDARD = gnu99;
				GCC_ENABLE_OBJC_EXCEPTIONS = YES;
				GCC_VERSION = com.apple.compilers.llvm.clang.1_0;
				GCC_WARN_64_TO_32_BIT_CONVERSION = YES;
				GCC_WARN_ABOUT_RETURN_TYPE = YES;
				GCC_WARN_UNINITIALIZED_AUTOS = YES;
				GCC_WARN_UNUSED_VARIABLE = YES;
				MACOSX_DEPLOYMENT_TARGET = 10.7;
				SDKROOT = macosx;
			};
			name = Release;
		};
		03BB5BEB1508E72200496C08 /* Debug */ = {
			isa = XCBuildConfiguration;
			buildSettings = {
				GCC_PRECOMPILE_PREFIX_HEADER = YES;
				GCC_PREFIX_HEADER = "Lesson-01/Lesson-01-Prefix.pch";
				INFOPLIST_FILE = "Lesson-01/Lesson-01-Info.plist";
				PRODUCT_NAME = "$(TARGET_NAME)";
				WRAPPER_EXTENSION = app;
			};
			name = Debug;
		};
		03BB5BEC1508E72200496C08 /* Release */ = {
			isa = XCBuildConfiguration;
			buildSettings = {
				GCC_PRECOMPILE_PREFIX_HEADER = YES;
				GCC_PREFIX_HEADER = "Lesson-01/Lesson-01-Prefix.pch";
				INFOPLIST_FILE = "Lesson-01/Lesson-01-Info.plist";
				PRODUCT_NAME = "$(TARGET_NAME)";
				WRAPPER_EXTENSION = app;
			};
			name = Release;
		};
/* End XCBuildConfiguration section */

/* Begin XCConfigurationList section */
		03BB5BC61508E72100496C08 /* Build configuration list for PBXProject "Lesson-01" */ = {
			isa = XCConfigurationList;
			buildConfigurations = (
				03BB5BE81508E72200496C08 /* Debug */,
				03BB5BE91508E72200496C08 /* Release */,
			);
			defaultConfigurationIsVisible = 0;
			defaultConfigurationName = Release;
		};
		03BB5BEA1508E72200496C08 /* Build configuration list for PBXNativeTarget "Lesson-01" */ = {
			isa = XCConfigurationList;
			buildConfigurations = (
				03BB5BEB1508E72200496C08 /* Debug */,
				03BB5BEC1508E72200496C08 /* Release */,
			);
			defaultConfigurationIsVisible = 0;
		};
/* End XCConfigurationList section */
	};
	rootObject = 03BB5BC31508E72100496C08 /* Project object */;
}
