// !$*UTF8*$!
{
	archiveVersion = 1;
	classes = {
	};
	objectVersion = 46;
	objects = {

/* Begin PBXBuildFile section */
		0315C2BF14F3F3E100C81951 /* main.c in Sources */ = {isa = PBXBuildFile; fileRef = 0315C2BE14F3F3E100C81951 /* main.c */; };
		0315C2C114F3F3E100C81951 /* Lesson_4.1 in CopyFiles */ = {isa = PBXBuildFile; fileRef = 0315C2C014F3F3E100C81951 /* Lesson_4.1 */; };
/* End PBXBuildFile section */

/* Begin PBXCopyFilesBuildPhase section */
		0315C2B814F3F3E100C81951 /* CopyFiles */ = {
			isa = PBXCopyFilesBuildPhase;
			buildActionMask = 2147483647;
			dstPath = /usr/share/man/man1/;
			dstSubfolderSpec = 0;
			files = (
				0315C2C114F3F3E100C81951 /* Lesson_4.1 in CopyFiles */,
			);
			runOnlyForDeploymentPostprocessing = 1;
		};
/* End PBXCopyFilesBuildPhase section */

/* Begin PBXFileReference section */
		0315C2BA14F3F3E100C81951 /* Lesson-4 */ = {isa = PBXFileReference; explicitFileType = "compiled.mach-o.executable"; includeInIndex = 0; path = "Lesson-4"; sourceTree = BUILT_PRODUCTS_DIR; };
		0315C2BE14F3F3E100C81951 /* main.c */ = {isa = PBXFileReference; lastKnownFileType = sourcecode.c.c; path = main.c; sourceTree = "<group>"; };
		0315C2C014F3F3E100C81951 /* Lesson_4.1 */ = {isa = PBXFileReference; lastKnownFileType = text.man; path = Lesson_4.1; sourceTree = "<group>"; };
/* End PBXFileReference section */

/* Begin PBXFrameworksBuildPhase section */
		0315C2B714F3F3E100C81951 /* Frameworks */ = {
			isa = PBXFrameworksBuildPhase;
			buildActionMask = 2147483647;
			files = (
			);
			runOnlyForDeploymentPostprocessing = 0;
		};
/* End PBXFrameworksBuildPhase section */

/* Begin PBXGroup section */
		0315C2AF14F3F3E100C81951 = {
			isa = PBXGroup;
			children = (
				0315C2BD14F3F3E100C81951 /* Lesson-4 */,
				0315C2BB14F3F3E100C81951 /* Products */,
			);
			sourceTree = "<group>";
		};
		0315C2BB14F3F3E100C81951 /* Products */ = {
			isa = PBXGroup;
			children = (
				0315C2BA14F3F3E100C81951 /* Lesson-4 */,
			);
			name = Products;
			sourceTree = "<group>";
		};
		0315C2BD14F3F3E100C81951 /* Lesson-4 */ = {
			isa = PBXGroup;
			children = (
				0315C2BE14F3F3E100C81951 /* main.c */,
				0315C2C014F3F3E100C81951 /* Lesson_4.1 */,
			);
			path = "Lesson-4";
			sourceTree = "<group>";
		};
/* End PBXGroup section */

/* Begin PBXNativeTarget section */
		0315C2B914F3F3E100C81951 /* Lesson-4 */ = {
			isa = PBXNativeTarget;
			buildConfigurationList = 0315C2C414F3F3E100C81951 /* Build configuration list for PBXNativeTarget "Lesson-4" */;
			buildPhases = (
				0315C2B614F3F3E100C81951 /* Sources */,
				0315C2B714F3F3E100C81951 /* Frameworks */,
				0315C2B814F3F3E100C81951 /* CopyFiles */,
			);
			buildRules = (
			);
			dependencies = (
			);
			name = "Lesson-4";
			productName = "Lesson-4";
			productReference = 0315C2BA14F3F3E100C81951 /* Lesson-4 */;
			productType = "com.apple.product-type.tool";
		};
/* End PBXNativeTarget section */

/* Begin PBXProject section */
		0315C2B114F3F3E100C81951 /* Project object */ = {
			isa = PBXProject;
			attributes = {
				LastUpgradeCheck = 0430;
				ORGANIZATIONNAME = "nic-o.com";
			};
			buildConfigurationList = 0315C2B414F3F3E100C81951 /* Build configuration list for PBXProject "Lesson-4" */;
			compatibilityVersion = "Xcode 3.2";
			developmentRegion = English;
			hasScannedForEncodings = 0;
			knownRegions = (
				en,
			);
			mainGroup = 0315C2AF14F3F3E100C81951;
			productRefGroup = 0315C2BB14F3F3E100C81951 /* Products */;
			projectDirPath = "";
			projectRoot = "";
			targets = (
				0315C2B914F3F3E100C81951 /* Lesson-4 */,
			);
		};
/* End PBXProject section */

/* Begin PBXSourcesBuildPhase section */
		0315C2B614F3F3E100C81951 /* Sources */ = {
			isa = PBXSourcesBuildPhase;
			buildActionMask = 2147483647;
			files = (
				0315C2BF14F3F3E100C81951 /* main.c in Sources */,
			);
			runOnlyForDeploymentPostprocessing = 0;
		};
/* End PBXSourcesBuildPhase section */

/* Begin XCBuildConfiguration section */
		0315C2C214F3F3E100C81951 /* Debug */ = {
			isa = XCBuildConfiguration;
			buildSettings = {
				ALWAYS_SEARCH_USER_PATHS = NO;
				ARCHS = "$(ARCHS_STANDARD_64_BIT)";
				COPY_PHASE_STRIP = NO;
				GCC_C_LANGUAGE_STANDARD = gnu99;
				GCC_DYNAMIC_NO_PIC = NO;
				GCC_ENABLE_OBJC_EXCEPTIONS = YES;
				GCC_OPTIMIZATION_LEVEL = 0;
				GCC_PREPROCESSOR_DEFINITIONS = (
					"DEBUG=1",
					"$(inherited)",
				);
				GCC_SYMBOLS_PRIVATE_EXTERN = NO;
				GCC_VERSION = com.apple.compilers.llvm.clang.1_0;
				GCC_WARN_64_TO_32_BIT_CONVERSION = YES;
				GCC_WARN_ABOUT_RETURN_TYPE = YES;
				GCC_WARN_UNINITIALIZED_AUTOS = YES;
				GCC_WARN_UNUSED_VARIABLE = YES;
				MACOSX_DEPLOYMENT_TARGET = 10.7;
				ONLY_ACTIVE_ARCH = YES;
				SDKROOT = macosx;
			};
			name = Debug;
		};
		0315C2C314F3F3E100C81951 /* Release */ = {
			isa = XCBuildConfiguration;
			buildSettings = {
				ALWAYS_SEARCH_USER_PATHS = NO;
				ARCHS = "$(ARCHS_STANDARD_64_BIT)";
				COPY_PHASE_STRIP = YES;
				DEBUG_INFORMATION_FORMAT = "dwarf-with-dsym";
				GCC_C_LANGUAGE_STANDARD = gnu99;
				GCC_ENABLE_OBJC_EXCEPTIONS = YES;
				GCC_VERSION = com.apple.compilers.llvm.clang.1_0;
				GCC_WARN_64_TO_32_BIT_CONVERSION = YES;
				GCC_WARN_ABOUT_RETURN_TYPE = YES;
				GCC_WARN_UNINITIALIZED_AUTOS = YES;
				GCC_WARN_UNUSED_VARIABLE = YES;
				MACOSX_DEPLOYMENT_TARGET = 10.7;
				SDKROOT = macosx;
			};
			name = Release;
		};
		0315C2C514F3F3E100C81951 /* Debug */ = {
			isa = XCBuildConfiguration;
			buildSettings = {
				PRODUCT_NAME = "$(TARGET_NAME)";
			};
			name = Debug;
		};
		0315C2C614F3F3E100C81951 /* Release */ = {
			isa = XCBuildConfiguration;
			buildSettings = {
				PRODUCT_NAME = "$(TARGET_NAME)";
			};
			name = Release;
		};
/* End XCBuildConfiguration section */

/* Begin XCConfigurationList section */
		0315C2B414F3F3E100C81951 /* Build configuration list for PBXProject "Lesson-4" */ = {
			isa = XCConfigurationList;
			buildConfigurations = (
				0315C2C214F3F3E100C81951 /* Debug */,
				0315C2C314F3F3E100C81951 /* Release */,
			);
			defaultConfigurationIsVisible = 0;
			defaultConfigurationName = Release;
		};
		0315C2C414F3F3E100C81951 /* Build configuration list for PBXNativeTarget "Lesson-4" */ = {
			isa = XCConfigurationList;
			buildConfigurations = (
				0315C2C514F3F3E100C81951 /* Debug */,
				0315C2C614F3F3E100C81951 /* Release */,
			);
			defaultConfigurationIsVisible = 0;
		};
/* End XCConfigurationList section */
	};
	rootObject = 0315C2B114F3F3E100C81951 /* Project object */;
}
