// !$*UTF8*$!
{
	archiveVersion = 1;
	classes = {
	};
	objectVersion = 46;
	objects = {

/* Begin PBXBuildFile section */
		03CD95C114F6960F00CD3861 /* main.c in Sources */ = {isa = PBXBuildFile; fileRef = 03CD95C014F6960F00CD3861 /* main.c */; };
		03CD95C314F6960F00CD3861 /* Lesson_42.1 in CopyFiles */ = {isa = PBXBuildFile; fileRef = 03CD95C214F6960F00CD3861 /* Lesson_42.1 */; };
/* End PBXBuildFile section */

/* Begin PBXCopyFilesBuildPhase section */
		03CD95BA14F6960E00CD3861 /* CopyFiles */ = {
			isa = PBXCopyFilesBuildPhase;
			buildActionMask = 2147483647;
			dstPath = /usr/share/man/man1/;
			dstSubfolderSpec = 0;
			files = (
				03CD95C314F6960F00CD3861 /* Lesson_42.1 in CopyFiles */,
			);
			runOnlyForDeploymentPostprocessing = 1;
		};
/* End PBXCopyFilesBuildPhase section */

/* Begin PBXFileReference section */
		03CD95BC14F6960E00CD3861 /* Lesson-42 */ = {isa = PBXFileReference; explicitFileType = "compiled.mach-o.executable"; includeInIndex = 0; path = "Lesson-42"; sourceTree = BUILT_PRODUCTS_DIR; };
		03CD95C014F6960F00CD3861 /* main.c */ = {isa = PBXFileReference; lastKnownFileType = sourcecode.c.c; path = main.c; sourceTree = "<group>"; };
		03CD95C214F6960F00CD3861 /* Lesson_42.1 */ = {isa = PBXFileReference; lastKnownFileType = text.man; path = Lesson_42.1; sourceTree = "<group>"; };
		03CD95C914F696C200CD3861 /* Enum_types.h */ = {isa = PBXFileReference; fileEncoding = 4; lastKnownFileType = sourcecode.c.h; path = Enum_types.h; sourceTree = "<group>"; };
/* End PBXFileReference section */

/* Begin PBXFrameworksBuildPhase section */
		03CD95B914F6960E00CD3861 /* Frameworks */ = {
			isa = PBXFrameworksBuildPhase;
			buildActionMask = 2147483647;
			files = (
			);
			runOnlyForDeploymentPostprocessing = 0;
		};
/* End PBXFrameworksBuildPhase section */

/* Begin PBXGroup section */
		03CD95B114F6960E00CD3861 = {
			isa = PBXGroup;
			children = (
				03CD95BF14F6960F00CD3861 /* Lesson-42 */,
				03CD95BD14F6960E00CD3861 /* Products */,
			);
			sourceTree = "<group>";
		};
		03CD95BD14F6960E00CD3861 /* Products */ = {
			isa = PBXGroup;
			children = (
				03CD95BC14F6960E00CD3861 /* Lesson-42 */,
			);
			name = Products;
			sourceTree = "<group>";
		};
		03CD95BF14F6960F00CD3861 /* Lesson-42 */ = {
			isa = PBXGroup;
			children = (
				03CD95C014F6960F00CD3861 /* main.c */,
				03CD95C914F696C200CD3861 /* Enum_types.h */,
				03CD95C214F6960F00CD3861 /* Lesson_42.1 */,
			);
			path = "Lesson-42";
			sourceTree = "<group>";
		};
/* End PBXGroup section */

/* Begin PBXNativeTarget section */
		03CD95BB14F6960E00CD3861 /* Lesson-42 */ = {
			isa = PBXNativeTarget;
			buildConfigurationList = 03CD95C614F6960F00CD3861 /* Build configuration list for PBXNativeTarget "Lesson-42" */;
			buildPhases = (
				03CD95B814F6960E00CD3861 /* Sources */,
				03CD95B914F6960E00CD3861 /* Frameworks */,
				03CD95BA14F6960E00CD3861 /* CopyFiles */,
			);
			buildRules = (
			);
			dependencies = (
			);
			name = "Lesson-42";
			productName = "Lesson-42";
			productReference = 03CD95BC14F6960E00CD3861 /* Lesson-42 */;
			productType = "com.apple.product-type.tool";
		};
/* End PBXNativeTarget section */

/* Begin PBXProject section */
		03CD95B314F6960E00CD3861 /* Project object */ = {
			isa = PBXProject;
			attributes = {
				LastUpgradeCheck = 0430;
				ORGANIZATIONNAME = "nic-o.com";
			};
			buildConfigurationList = 03CD95B614F6960E00CD3861 /* Build configuration list for PBXProject "Lesson-42" */;
			compatibilityVersion = "Xcode 3.2";
			developmentRegion = English;
			hasScannedForEncodings = 0;
			knownRegions = (
				en,
			);
			mainGroup = 03CD95B114F6960E00CD3861;
			productRefGroup = 03CD95BD14F6960E00CD3861 /* Products */;
			projectDirPath = "";
			projectRoot = "";
			targets = (
				03CD95BB14F6960E00CD3861 /* Lesson-42 */,
			);
		};
/* End PBXProject section */

/* Begin PBXSourcesBuildPhase section */
		03CD95B814F6960E00CD3861 /* Sources */ = {
			isa = PBXSourcesBuildPhase;
			buildActionMask = 2147483647;
			files = (
				03CD95C114F6960F00CD3861 /* main.c in Sources */,
			);
			runOnlyForDeploymentPostprocessing = 0;
		};
/* End PBXSourcesBuildPhase section */

/* Begin XCBuildConfiguration section */
		03CD95C414F6960F00CD3861 /* Debug */ = {
			isa = XCBuildConfiguration;
			buildSettings = {
				ALWAYS_SEARCH_USER_PATHS = NO;
				ARCHS = "$(ARCHS_STANDARD_64_BIT)";
				COPY_PHASE_STRIP = NO;
				GCC_C_LANGUAGE_STANDARD = gnu99;
				GCC_DYNAMIC_NO_PIC = NO;
				GCC_ENABLE_OBJC_EXCEPTIONS = YES;
				GCC_OPTIMIZATION_LEVEL = 0;
				GCC_PREPROCESSOR_DEFINITIONS = (
					"DEBUG=1",
					"$(inherited)",
				);
				GCC_SYMBOLS_PRIVATE_EXTERN = NO;
				GCC_VERSION = com.apple.compilers.llvm.clang.1_0;
				GCC_WARN_64_TO_32_BIT_CONVERSION = YES;
				GCC_WARN_ABOUT_RETURN_TYPE = YES;
				GCC_WARN_UNINITIALIZED_AUTOS = YES;
				GCC_WARN_UNUSED_VARIABLE = YES;
				MACOSX_DEPLOYMENT_TARGET = 10.7;
				ONLY_ACTIVE_ARCH = YES;
				SDKROOT = macosx;
			};
			name = Debug;
		};
		03CD95C514F6960F00CD3861 /* Release */ = {
			isa = XCBuildConfiguration;
			buildSettings = {
				ALWAYS_SEARCH_USER_PATHS = NO;
				ARCHS = "$(ARCHS_STANDARD_64_BIT)";
				COPY_PHASE_STRIP = YES;
				DEBUG_INFORMATION_FORMAT = "dwarf-with-dsym";
				GCC_C_LANGUAGE_STANDARD = gnu99;
				GCC_ENABLE_OBJC_EXCEPTIONS = YES;
				GCC_VERSION = com.apple.compilers.llvm.clang.1_0;
				GCC_WARN_64_TO_32_BIT_CONVERSION = YES;
				GCC_WARN_ABOUT_RETURN_TYPE = YES;
				GCC_WARN_UNINITIALIZED_AUTOS = YES;
				GCC_WARN_UNUSED_VARIABLE = YES;
				MACOSX_DEPLOYMENT_TARGET = 10.7;
				SDKROOT = macosx;
			};
			name = Release;
		};
		03CD95C714F6960F00CD3861 /* Debug */ = {
			isa = XCBuildConfiguration;
			buildSettings = {
				PRODUCT_NAME = "$(TARGET_NAME)";
			};
			name = Debug;
		};
		03CD95C814F6960F00CD3861 /* Release */ = {
			isa = XCBuildConfiguration;
			buildSettings = {
				PRODUCT_NAME = "$(TARGET_NAME)";
			};
			name = Release;
		};
/* End XCBuildConfiguration section */

/* Begin XCConfigurationList section */
		03CD95B614F6960E00CD3861 /* Build configuration list for PBXProject "Lesson-42" */ = {
			isa = XCConfigurationList;
			buildConfigurations = (
				03CD95C414F6960F00CD3861 /* Debug */,
				03CD95C514F6960F00CD3861 /* Release */,
			);
			defaultConfigurationIsVisible = 0;
			defaultConfigurationName = Release;
		};
		03CD95C614F6960F00CD3861 /* Build configuration list for PBXNativeTarget "Lesson-42" */ = {
			isa = XCConfigurationList;
			buildConfigurations = (
				03CD95C714F6960F00CD3861 /* Debug */,
				03CD95C814F6960F00CD3861 /* Release */,
			);
			defaultConfigurationIsVisible = 0;
		};
/* End XCConfigurationList section */
	};
	rootObject = 03CD95B314F6960E00CD3861 /* Project object */;
}
