// !$*UTF8*$!
{
	archiveVersion = 1;
	classes = {
	};
	objectVersion = 46;
	objects = {

/* Begin PBXBuildFile section */
		03F7A98B1510A4D000302545 /* Cocoa.framework in Frameworks */ = {isa = PBXBuildFile; fileRef = 03F7A98A1510A4D000302545 /* Cocoa.framework */; };
		03F7A9951510A4D000302545 /* InfoPlist.strings in Resources */ = {isa = PBXBuildFile; fileRef = 03F7A9931510A4D000302545 /* InfoPlist.strings */; };
		03F7A9971510A4D000302545 /* main.m in Sources */ = {isa = PBXBuildFile; fileRef = 03F7A9961510A4D000302545 /* main.m */; };
		03F7A99B1510A4D000302545 /* Credits.rtf in Resources */ = {isa = PBXBuildFile; fileRef = 03F7A9991510A4D000302545 /* Credits.rtf */; };
		03F7A99E1510A4D000302545 /* AppDelegate.m in Sources */ = {isa = PBXBuildFile; fileRef = 03F7A99D1510A4D000302545 /* AppDelegate.m */; };
		03F7A9A11510A4D000302545 /* MainMenu.xib in Resources */ = {isa = PBXBuildFile; fileRef = 03F7A99F1510A4D000302545 /* MainMenu.xib */; };
		03F7A9A91510A51D00302545 /* DrawingView.m in Sources */ = {isa = PBXBuildFile; fileRef = 03F7A9A81510A51D00302545 /* DrawingView.m */; };
/* End PBXBuildFile section */

/* Begin PBXFileReference section */
		03F7A9861510A4D000302545 /* Lesson-28.app */ = {isa = PBXFileReference; explicitFileType = wrapper.application; includeInIndex = 0; path = "Lesson-28.app"; sourceTree = BUILT_PRODUCTS_DIR; };
		03F7A98A1510A4D000302545 /* Cocoa.framework */ = {isa = PBXFileReference; lastKnownFileType = wrapper.framework; name = Cocoa.framework; path = System/Library/Frameworks/Cocoa.framework; sourceTree = SDKROOT; };
		03F7A98D1510A4D000302545 /* AppKit.framework */ = {isa = PBXFileReference; lastKnownFileType = wrapper.framework; name = AppKit.framework; path = System/Library/Frameworks/AppKit.framework; sourceTree = SDKROOT; };
		03F7A98E1510A4D000302545 /* CoreData.framework */ = {isa = PBXFileReference; lastKnownFileType = wrapper.framework; name = CoreData.framework; path = System/Library/Frameworks/CoreData.framework; sourceTree = SDKROOT; };
		03F7A98F1510A4D000302545 /* Foundation.framework */ = {isa = PBXFileReference; lastKnownFileType = wrapper.framework; name = Foundation.framework; path = System/Library/Frameworks/Foundation.framework; sourceTree = SDKROOT; };
		03F7A9921510A4D000302545 /* Lesson-28-Info.plist */ = {isa = PBXFileReference; lastKnownFileType = text.plist.xml; path = "Lesson-28-Info.plist"; sourceTree = "<group>"; };
		03F7A9941510A4D000302545 /* en */ = {isa = PBXFileReference; lastKnownFileType = text.plist.strings; name = en; path = en.lproj/InfoPlist.strings; sourceTree = "<group>"; };
		03F7A9961510A4D000302545 /* main.m */ = {isa = PBXFileReference; lastKnownFileType = sourcecode.c.objc; path = main.m; sourceTree = "<group>"; };
		03F7A9981510A4D000302545 /* Lesson-28-Prefix.pch */ = {isa = PBXFileReference; lastKnownFileType = sourcecode.c.h; path = "Lesson-28-Prefix.pch"; sourceTree = "<group>"; };
		03F7A99A1510A4D000302545 /* en */ = {isa = PBXFileReference; lastKnownFileType = text.rtf; name = en; path = en.lproj/Credits.rtf; sourceTree = "<group>"; };
		03F7A99C1510A4D000302545 /* AppDelegate.h */ = {isa = PBXFileReference; lastKnownFileType = sourcecode.c.h; path = AppDelegate.h; sourceTree = "<group>"; };
		03F7A99D1510A4D000302545 /* AppDelegate.m */ = {isa = PBXFileReference; lastKnownFileType = sourcecode.c.objc; path = AppDelegate.m; sourceTree = "<group>"; };
		03F7A9A01510A4D000302545 /* en */ = {isa = PBXFileReference; lastKnownFileType = file.xib; name = en; path = en.lproj/MainMenu.xib; sourceTree = "<group>"; };
		03F7A9A71510A51D00302545 /* DrawingView.h */ = {isa = PBXFileReference; fileEncoding = 4; lastKnownFileType = sourcecode.c.h; path = DrawingView.h; sourceTree = "<group>"; };
		03F7A9A81510A51D00302545 /* DrawingView.m */ = {isa = PBXFileReference; fileEncoding = 4; lastKnownFileType = sourcecode.c.objc; path = DrawingView.m; sourceTree = "<group>"; };
/* End PBXFileReference section */

/* Begin PBXFrameworksBuildPhase section */
		03F7A9831510A4D000302545 /* Frameworks */ = {
			isa = PBXFrameworksBuildPhase;
			buildActionMask = 2147483647;
			files = (
				03F7A98B1510A4D000302545 /* Cocoa.framework in Frameworks */,
			);
			runOnlyForDeploymentPostprocessing = 0;
		};
/* End PBXFrameworksBuildPhase section */

/* Begin PBXGroup section */
		03F7A97B1510A4D000302545 = {
			isa = PBXGroup;
			children = (
				03F7A9901510A4D000302545 /* Lesson-28 */,
				03F7A9891510A4D000302545 /* Frameworks */,
				03F7A9871510A4D000302545 /* Products */,
			);
			sourceTree = "<group>";
		};
		03F7A9871510A4D000302545 /* Products */ = {
			isa = PBXGroup;
			children = (
				03F7A9861510A4D000302545 /* Lesson-28.app */,
			);
			name = Products;
			sourceTree = "<group>";
		};
		03F7A9891510A4D000302545 /* Frameworks */ = {
			isa = PBXGroup;
			children = (
				03F7A98A1510A4D000302545 /* Cocoa.framework */,
				03F7A98C1510A4D000302545 /* Other Frameworks */,
			);
			name = Frameworks;
			sourceTree = "<group>";
		};
		03F7A98C1510A4D000302545 /* Other Frameworks */ = {
			isa = PBXGroup;
			children = (
				03F7A98D1510A4D000302545 /* AppKit.framework */,
				03F7A98E1510A4D000302545 /* CoreData.framework */,
				03F7A98F1510A4D000302545 /* Foundation.framework */,
			);
			name = "Other Frameworks";
			sourceTree = "<group>";
		};
		03F7A9901510A4D000302545 /* Lesson-28 */ = {
			isa = PBXGroup;
			children = (
				03F7A99C1510A4D000302545 /* AppDelegate.h */,
				03F7A99D1510A4D000302545 /* AppDelegate.m */,
				03F7A99F1510A4D000302545 /* MainMenu.xib */,
				03F7A9A71510A51D00302545 /* DrawingView.h */,
				03F7A9A81510A51D00302545 /* DrawingView.m */,
				03F7A9911510A4D000302545 /* Supporting Files */,
			);
			path = "Lesson-28";
			sourceTree = "<group>";
		};
		03F7A9911510A4D000302545 /* Supporting Files */ = {
			isa = PBXGroup;
			children = (
				03F7A9921510A4D000302545 /* Lesson-28-Info.plist */,
				03F7A9931510A4D000302545 /* InfoPlist.strings */,
				03F7A9961510A4D000302545 /* main.m */,
				03F7A9981510A4D000302545 /* Lesson-28-Prefix.pch */,
				03F7A9991510A4D000302545 /* Credits.rtf */,
			);
			name = "Supporting Files";
			sourceTree = "<group>";
		};
/* End PBXGroup section */

/* Begin PBXNativeTarget section */
		03F7A9851510A4D000302545 /* Lesson-28 */ = {
			isa = PBXNativeTarget;
			buildConfigurationList = 03F7A9A41510A4D000302545 /* Build configuration list for PBXNativeTarget "Lesson-28" */;
			buildPhases = (
				03F7A9821510A4D000302545 /* Sources */,
				03F7A9831510A4D000302545 /* Frameworks */,
				03F7A9841510A4D000302545 /* Resources */,
			);
			buildRules = (
			);
			dependencies = (
			);
			name = "Lesson-28";
			productName = "Lesson-28";
			productReference = 03F7A9861510A4D000302545 /* Lesson-28.app */;
			productType = "com.apple.product-type.application";
		};
/* End PBXNativeTarget section */

/* Begin PBXProject section */
		03F7A97D1510A4D000302545 /* Project object */ = {
			isa = PBXProject;
			attributes = {
				LastUpgradeCheck = 0430;
				ORGANIZATIONNAME = "nic-o.com";
			};
			buildConfigurationList = 03F7A9801510A4D000302545 /* Build configuration list for PBXProject "Lesson-28" */;
			compatibilityVersion = "Xcode 3.2";
			developmentRegion = English;
			hasScannedForEncodings = 0;
			knownRegions = (
				en,
			);
			mainGroup = 03F7A97B1510A4D000302545;
			productRefGroup = 03F7A9871510A4D000302545 /* Products */;
			projectDirPath = "";
			projectRoot = "";
			targets = (
				03F7A9851510A4D000302545 /* Lesson-28 */,
			);
		};
/* End PBXProject section */

/* Begin PBXResourcesBuildPhase section */
		03F7A9841510A4D000302545 /* Resources */ = {
			isa = PBXResourcesBuildPhase;
			buildActionMask = 2147483647;
			files = (
				03F7A9951510A4D000302545 /* InfoPlist.strings in Resources */,
				03F7A99B1510A4D000302545 /* Credits.rtf in Resources */,
				03F7A9A11510A4D000302545 /* MainMenu.xib in Resources */,
			);
			runOnlyForDeploymentPostprocessing = 0;
		};
/* End PBXResourcesBuildPhase section */

/* Begin PBXSourcesBuildPhase section */
		03F7A9821510A4D000302545 /* Sources */ = {
			isa = PBXSourcesBuildPhase;
			buildActionMask = 2147483647;
			files = (
				03F7A9971510A4D000302545 /* main.m in Sources */,
				03F7A99E1510A4D000302545 /* AppDelegate.m in Sources */,
				03F7A9A91510A51D00302545 /* DrawingView.m in Sources */,
			);
			runOnlyForDeploymentPostprocessing = 0;
		};
/* End PBXSourcesBuildPhase section */

/* Begin PBXVariantGroup section */
		03F7A9931510A4D000302545 /* InfoPlist.strings */ = {
			isa = PBXVariantGroup;
			children = (
				03F7A9941510A4D000302545 /* en */,
			);
			name = InfoPlist.strings;
			sourceTree = "<group>";
		};
		03F7A9991510A4D000302545 /* Credits.rtf */ = {
			isa = PBXVariantGroup;
			children = (
				03F7A99A1510A4D000302545 /* en */,
			);
			name = Credits.rtf;
			sourceTree = "<group>";
		};
		03F7A99F1510A4D000302545 /* MainMenu.xib */ = {
			isa = PBXVariantGroup;
			children = (
				03F7A9A01510A4D000302545 /* en */,
			);
			name = MainMenu.xib;
			sourceTree = "<group>";
		};
/* End PBXVariantGroup section */

/* Begin XCBuildConfiguration section */
		03F7A9A21510A4D000302545 /* Debug */ = {
			isa = XCBuildConfiguration;
			buildSettings = {
				ALWAYS_SEARCH_USER_PATHS = NO;
				ARCHS = "$(ARCHS_STANDARD_64_BIT)";
				CLANG_ENABLE_OBJC_ARC = YES;
				COPY_PHASE_STRIP = NO;
				GCC_C_LANGUAGE_STANDARD = gnu99;
				GCC_DYNAMIC_NO_PIC = NO;
				GCC_ENABLE_OBJC_EXCEPTIONS = YES;
				GCC_OPTIMIZATION_LEVEL = 0;
				GCC_PREPROCESSOR_DEFINITIONS = (
					"DEBUG=1",
					"$(inherited)",
				);
				GCC_SYMBOLS_PRIVATE_EXTERN = NO;
				GCC_VERSION = com.apple.compilers.llvm.clang.1_0;
				GCC_WARN_64_TO_32_BIT_CONVERSION = YES;
				GCC_WARN_ABOUT_RETURN_TYPE = YES;
				GCC_WARN_UNINITIALIZED_AUTOS = YES;
				GCC_WARN_UNUSED_VARIABLE = YES;
				MACOSX_DEPLOYMENT_TARGET = 10.7;
				ONLY_ACTIVE_ARCH = YES;
				SDKROOT = macosx;
			};
			name = Debug;
		};
		03F7A9A31510A4D000302545 /* Release */ = {
			isa = XCBuildConfiguration;
			buildSettings = {
				ALWAYS_SEARCH_USER_PATHS = NO;
				ARCHS = "$(ARCHS_STANDARD_64_BIT)";
				CLANG_ENABLE_OBJC_ARC = YES;
				COPY_PHASE_STRIP = YES;
				DEBUG_INFORMATION_FORMAT = "dwarf-with-dsym";
				GCC_C_LANGUAGE_STANDARD = gnu99;
				GCC_ENABLE_OBJC_EXCEPTIONS = YES;
				GCC_VERSION = com.apple.compilers.llvm.clang.1_0;
				GCC_WARN_64_TO_32_BIT_CONVERSION = YES;
				GCC_WARN_ABOUT_RETURN_TYPE = YES;
				GCC_WARN_UNINITIALIZED_AUTOS = YES;
				GCC_WARN_UNUSED_VARIABLE = YES;
				MACOSX_DEPLOYMENT_TARGET = 10.7;
				SDKROOT = macosx;
			};
			name = Release;
		};
		03F7A9A51510A4D000302545 /* Debug */ = {
			isa = XCBuildConfiguration;
			buildSettings = {
				GCC_PRECOMPILE_PREFIX_HEADER = YES;
				GCC_PREFIX_HEADER = "Lesson-28/Lesson-28-Prefix.pch";
				INFOPLIST_FILE = "Lesson-28/Lesson-28-Info.plist";
				PRODUCT_NAME = "$(TARGET_NAME)";
				WRAPPER_EXTENSION = app;
			};
			name = Debug;
		};
		03F7A9A61510A4D000302545 /* Release */ = {
			isa = XCBuildConfiguration;
			buildSettings = {
				GCC_PRECOMPILE_PREFIX_HEADER = YES;
				GCC_PREFIX_HEADER = "Lesson-28/Lesson-28-Prefix.pch";
				INFOPLIST_FILE = "Lesson-28/Lesson-28-Info.plist";
				PRODUCT_NAME = "$(TARGET_NAME)";
				WRAPPER_EXTENSION = app;
			};
			name = Release;
		};
/* End XCBuildConfiguration section */

/* Begin XCConfigurationList section */
		03F7A9801510A4D000302545 /* Build configuration list for PBXProject "Lesson-28" */ = {
			isa = XCConfigurationList;
			buildConfigurations = (
				03F7A9A21510A4D000302545 /* Debug */,
				03F7A9A31510A4D000302545 /* Release */,
			);
			defaultConfigurationIsVisible = 0;
			defaultConfigurationName = Release;
		};
		03F7A9A41510A4D000302545 /* Build configuration list for PBXNativeTarget "Lesson-28" */ = {
			isa = XCConfigurationList;
			buildConfigurations = (
				03F7A9A51510A4D000302545 /* Debug */,
				03F7A9A61510A4D000302545 /* Release */,
			);
			defaultConfigurationIsVisible = 0;
		};
/* End XCConfigurationList section */
	};
	rootObject = 03F7A97D1510A4D000302545 /* Project object */;
}
